
Microsoft Visual Studio Solution File, Format Version 12.00
# Visual Studio Version 16
VisualStudioVersion = 16.0.31727.386
MinimumVisualStudioVersion = 10.0.40219.1
Project("{2150E333-8FDC-42A3-9474-1A3956D46DE8}") = "Trains.Tests", "Trains.Tests", "{795FAB04-5029-43D5-997F-45FCFAAA8265}"
EndProject
Project("{9A19103F-16F7-4668-BE54-9A1E7A4F7556}") = "Trains", "Trains\Trains.csproj", "{4E8F46CA-FB14-4ACD-9A99-1F811BF7811B}"
EndProject
Project("{9A19103F-16F7-4668-BE54-9A1E7A4F7556}") = "Trains.Tests.Common", "Trains.Tests.Common\Trains.Tests.Common.csproj", "{843F6978-A9E7-4D47-A38C-38720FBCA79D}"
EndProject
Project("{9A19103F-16F7-4668-BE54-9A1E7A4F7556}") = "xtests.xvisualize", "xtests.xvisualize\xtests.xvisualize.csproj", "{D4E52A90-815C-4E9F-A0D5-74A3CFCE5403}"
EndProject
Project("{9A19103F-16F7-4668-BE54-9A1E7A4F7556}") = "xtests.xmap", "xtests.xmap\xtests.xmap.csproj", "{F5A74350-25FB-41B5-B410-980C87BF9669}"
EndProject
Project("{9A19103F-16F7-4668-BE54-9A1E7A4F7556}") = "Trains.Visual", "Trains.Visual\Trains.Visual.csproj", "{5BE05FEF-093F-45A8-812E-B1E24D95ACD7}"
EndProject
Project("{2150E333-8FDC-42A3-9474-1A3956D46DE8}") = "xtests", "xtests", "{06A1C5CF-E2A9-4BC5-AEEC-6CF6D225513C}"
	ProjectSection(SolutionItems) = preProject
		..\xtest = ..\xtest
	EndProjectSection
EndProject
Project("{9A19103F-16F7-4668-BE54-9A1E7A4F7556}") = "Trains.Tests.Admin", "Trains.Tests.Admin\Trains.Tests.Admin.csproj", "{B88D73DB-11AC-4551-A222-31330C700044}"
EndProject
Project("{2150E333-8FDC-42A3-9474-1A3956D46DE8}") = "Trains", "Trains", "{F772E3CA-C3AA-4F04-ACA5-069043640D5A}"
EndProject
Project("{9A19103F-16F7-4668-BE54-9A1E7A4F7556}") = "xtests.xlegal", "xtests.xlegal\xtests.xlegal.csproj", "{C893C0BD-80AF-420E-AC04-60D97E44D483}"
EndProject
Project("{9A19103F-16F7-4668-BE54-9A1E7A4F7556}") = "Trains.Tests.Player", "Trains.Tests.Player\Trains.Tests.Player.csproj", "{2082A047-C931-4C17-9443-164C578D3B1C}"
EndProject
Project("{9A19103F-16F7-4668-BE54-9A1E7A4F7556}") = "xtests.xstrategy", "xtests.xstrategy\xtests.xstrategy.csproj", "{E59A2A02-E828-4FAF-B34F-F8E3E847DF36}"
EndProject
Project("{9A19103F-16F7-4668-BE54-9A1E7A4F7556}") = "xtest", "xtest\xtest.csproj", "{4F2D758C-BDF2-4BF8-98BF-DC01CAFB9A62}"
EndProject
Project("{9A19103F-16F7-4668-BE54-9A1E7A4F7556}") = "Trains.Tests.Visual", "Trains.Tests.Visual\Trains.Tests.Visual.csproj", "{FF5E38B9-45E1-4750-9E75-B91D4261F33B}"
EndProject
Project("{FAE04EC0-301F-11D3-BF4B-00C04F79EFBC}") = "xtest.xref", "xtest.xref\xtest.xref.csproj", "{D2F8C165-7F8B-465C-BF9B-698E30D5D585}"
EndProject
Global
	GlobalSection(SolutionConfigurationPlatforms) = preSolution
		Debug|Any CPU = Debug|Any CPU
		Release|Any CPU = Release|Any CPU
	EndGlobalSection
	GlobalSection(ProjectConfigurationPlatforms) = postSolution
		{4E8F46CA-FB14-4ACD-9A99-1F811BF7811B}.Debug|Any CPU.ActiveCfg = Debug|Any CPU
		{4E8F46CA-FB14-4ACD-9A99-1F811BF7811B}.Debug|Any CPU.Build.0 = Debug|Any CPU
		{4E8F46CA-FB14-4ACD-9A99-1F811BF7811B}.Release|Any CPU.ActiveCfg = Release|Any CPU
		{4E8F46CA-FB14-4ACD-9A99-1F811BF7811B}.Release|Any CPU.Build.0 = Release|Any CPU
		{843F6978-A9E7-4D47-A38C-38720FBCA79D}.Debug|Any CPU.ActiveCfg = Debug|Any CPU
		{843F6978-A9E7-4D47-A38C-38720FBCA79D}.Debug|Any CPU.Build.0 = Debug|Any CPU
		{843F6978-A9E7-4D47-A38C-38720FBCA79D}.Release|Any CPU.ActiveCfg = Release|Any CPU
		{843F6978-A9E7-4D47-A38C-38720FBCA79D}.Release|Any CPU.Build.0 = Release|Any CPU
		{D4E52A90-815C-4E9F-A0D5-74A3CFCE5403}.Debug|Any CPU.ActiveCfg = Debug|Any CPU
		{D4E52A90-815C-4E9F-A0D5-74A3CFCE5403}.Debug|Any CPU.Build.0 = Debug|Any CPU
		{D4E52A90-815C-4E9F-A0D5-74A3CFCE5403}.Release|Any CPU.ActiveCfg = Release|Any CPU
		{D4E52A90-815C-4E9F-A0D5-74A3CFCE5403}.Release|Any CPU.Build.0 = Release|Any CPU
		{F5A74350-25FB-41B5-B410-980C87BF9669}.Debug|Any CPU.ActiveCfg = Debug|Any CPU
		{F5A74350-25FB-41B5-B410-980C87BF9669}.Debug|Any CPU.Build.0 = Debug|Any CPU
		{F5A74350-25FB-41B5-B410-980C87BF9669}.Release|Any CPU.ActiveCfg = Release|Any CPU
		{F5A74350-25FB-41B5-B410-980C87BF9669}.Release|Any CPU.Build.0 = Release|Any CPU
		{5BE05FEF-093F-45A8-812E-B1E24D95ACD7}.Debug|Any CPU.ActiveCfg = Debug|Any CPU
		{5BE05FEF-093F-45A8-812E-B1E24D95ACD7}.Debug|Any CPU.Build.0 = Debug|Any CPU
		{5BE05FEF-093F-45A8-812E-B1E24D95ACD7}.Release|Any CPU.ActiveCfg = Release|Any CPU
		{5BE05FEF-093F-45A8-812E-B1E24D95ACD7}.Release|Any CPU.Build.0 = Release|Any CPU
		{B88D73DB-11AC-4551-A222-31330C700044}.Debug|Any CPU.ActiveCfg = Debug|Any CPU
		{B88D73DB-11AC-4551-A222-31330C700044}.Debug|Any CPU.Build.0 = Debug|Any CPU
		{B88D73DB-11AC-4551-A222-31330C700044}.Release|Any CPU.ActiveCfg = Release|Any CPU
		{B88D73DB-11AC-4551-A222-31330C700044}.Release|Any CPU.Build.0 = Release|Any CPU
		{C893C0BD-80AF-420E-AC04-60D97E44D483}.Debug|Any CPU.ActiveCfg = Debug|Any CPU
		{C893C0BD-80AF-420E-AC04-60D97E44D483}.Debug|Any CPU.Build.0 = Debug|Any CPU
		{C893C0BD-80AF-420E-AC04-60D97E44D483}.Release|Any CPU.ActiveCfg = Release|Any CPU
		{C893C0BD-80AF-420E-AC04-60D97E44D483}.Release|Any CPU.Build.0 = Release|Any CPU
		{2082A047-C931-4C17-9443-164C578D3B1C}.Debug|Any CPU.ActiveCfg = Debug|Any CPU
		{2082A047-C931-4C17-9443-164C578D3B1C}.Debug|Any CPU.Build.0 = Debug|Any CPU
		{2082A047-C931-4C17-9443-164C578D3B1C}.Release|Any CPU.ActiveCfg = Release|Any CPU
		{2082A047-C931-4C17-9443-164C578D3B1C}.Release|Any CPU.Build.0 = Release|Any CPU
		{E59A2A02-E828-4FAF-B34F-F8E3E847DF36}.Debug|Any CPU.ActiveCfg = Debug|Any CPU
		{E59A2A02-E828-4FAF-B34F-F8E3E847DF36}.Debug|Any CPU.Build.0 = Debug|Any CPU
		{E59A2A02-E828-4FAF-B34F-F8E3E847DF36}.Release|Any CPU.ActiveCfg = Release|Any CPU
		{E59A2A02-E828-4FAF-B34F-F8E3E847DF36}.Release|Any CPU.Build.0 = Release|Any CPU
		{4F2D758C-BDF2-4BF8-98BF-DC01CAFB9A62}.Debug|Any CPU.ActiveCfg = Debug|Any CPU
		{4F2D758C-BDF2-4BF8-98BF-DC01CAFB9A62}.Debug|Any CPU.Build.0 = Debug|Any CPU
		{4F2D758C-BDF2-4BF8-98BF-DC01CAFB9A62}.Release|Any CPU.ActiveCfg = Release|Any CPU
		{4F2D758C-BDF2-4BF8-98BF-DC01CAFB9A62}.Release|Any CPU.Build.0 = Release|Any CPU
		{FF5E38B9-45E1-4750-9E75-B91D4261F33B}.Debug|Any CPU.ActiveCfg = Debug|Any CPU
		{FF5E38B9-45E1-4750-9E75-B91D4261F33B}.Debug|Any CPU.Build.0 = Debug|Any CPU
		{FF5E38B9-45E1-4750-9E75-B91D4261F33B}.Release|Any CPU.ActiveCfg = Release|Any CPU
		{FF5E38B9-45E1-4750-9E75-B91D4261F33B}.Release|Any CPU.Build.0 = Release|Any CPU
		{D2F8C165-7F8B-465C-BF9B-698E30D5D585}.Debug|Any CPU.ActiveCfg = Debug|Any CPU
		{D2F8C165-7F8B-465C-BF9B-698E30D5D585}.Debug|Any CPU.Build.0 = Debug|Any CPU
		{D2F8C165-7F8B-465C-BF9B-698E30D5D585}.Release|Any CPU.ActiveCfg = Release|Any CPU
		{D2F8C165-7F8B-465C-BF9B-698E30D5D585}.Release|Any CPU.Build.0 = Release|Any CPU
	EndGlobalSection
	GlobalSection(SolutionProperties) = preSolution
		HideSolutionNode = FALSE
	EndGlobalSection
	GlobalSection(NestedProjects) = preSolution
		{4E8F46CA-FB14-4ACD-9A99-1F811BF7811B} = {F772E3CA-C3AA-4F04-ACA5-069043640D5A}
		{843F6978-A9E7-4D47-A38C-38720FBCA79D} = {795FAB04-5029-43D5-997F-45FCFAAA8265}
		{D4E52A90-815C-4E9F-A0D5-74A3CFCE5403} = {06A1C5CF-E2A9-4BC5-AEEC-6CF6D225513C}
		{F5A74350-25FB-41B5-B410-980C87BF9669} = {06A1C5CF-E2A9-4BC5-AEEC-6CF6D225513C}
		{5BE05FEF-093F-45A8-812E-B1E24D95ACD7} = {F772E3CA-C3AA-4F04-ACA5-069043640D5A}
		{B88D73DB-11AC-4551-A222-31330C700044} = {795FAB04-5029-43D5-997F-45FCFAAA8265}
		{C893C0BD-80AF-420E-AC04-60D97E44D483} = {06A1C5CF-E2A9-4BC5-AEEC-6CF6D225513C}
		{2082A047-C931-4C17-9443-164C578D3B1C} = {795FAB04-5029-43D5-997F-45FCFAAA8265}
		{E59A2A02-E828-4FAF-B34F-F8E3E847DF36} = {06A1C5CF-E2A9-4BC5-AEEC-6CF6D225513C}
		{4F2D758C-BDF2-4BF8-98BF-DC01CAFB9A62} = {06A1C5CF-E2A9-4BC5-AEEC-6CF6D225513C}
		{FF5E38B9-45E1-4750-9E75-B91D4261F33B} = {795FAB04-5029-43D5-997F-45FCFAAA8265}
		{D2F8C165-7F8B-465C-BF9B-698E30D5D585} = {06A1C5CF-E2A9-4BC5-AEEC-6CF6D225513C}
	EndGlobalSection
	GlobalSection(ExtensibilityGlobals) = postSolution
		SolutionGuid = {D80BA233-697E-4487-AA0F-9578FEBE4BC8}
	EndGlobalSection
EndGlobal
